
Microsoft Visual Studio Solution File, Format Version 12.00
# Visual Studio Version 16
VisualStudioVersion = 16.0.34031.81
MinimumVisualStudioVersion = 10.0.40219.1
Project("{FAE04EC0-301F-11D3-BF4B-00C04F79EFBC}") = "CapaVista", "CapaVista\CapaVista.csproj", "{839367B0-CE60-4653-AD11-94FD9425DFBF}"
EndProject
Project("{FAE04EC0-301F-11D3-BF4B-00C04F79EFBC}") = "CapaControlador", "CapaControlador\CapaControlador.csproj", "{E04E05C8-636F-4141-8B30-F456C9ADBB13}"
EndProject
Project("{FAE04EC0-301F-11D3-BF4B-00C04F79EFBC}") = "CapaModelo", "CapaModelo\CapaModelo.csproj", "{A8B13A18-D2EB-4D3A-9575-A82F569F433E}"
EndProject
Global
	GlobalSection(SolutionConfigurationPlatforms) = preSolution
		Debug|Any CPU = Debug|Any CPU
		Release|Any CPU = Release|Any CPU
	EndGlobalSection
	GlobalSection(ProjectConfigurationPlatforms) = postSolution
		{839367B0-CE60-4653-AD11-94FD9425DFBF}.Debug|Any CPU.ActiveCfg = Debug|Any CPU
		{839367B0-CE60-4653-AD11-94FD9425DFBF}.Debug|Any CPU.Build.0 = Debug|Any CPU
		{839367B0-CE60-4653-AD11-94FD9425DFBF}.Release|Any CPU.ActiveCfg = Release|Any CPU
		{839367B0-CE60-4653-AD11-94FD9425DFBF}.Release|Any CPU.Build.0 = Release|Any CPU
		{E04E05C8-636F-4141-8B30-F456C9ADBB13}.Debug|Any CPU.ActiveCfg = Debug|Any CPU
		{E04E05C8-636F-4141-8B30-F456C9ADBB13}.Debug|Any CPU.Build.0 = Debug|Any CPU
		{E04E05C8-636F-4141-8B30-F456C9ADBB13}.Release|Any CPU.ActiveCfg = Release|Any CPU
		{E04E05C8-636F-4141-8B30-F456C9ADBB13}.Release|Any CPU.Build.0 = Release|Any CPU
		{A8B13A18-D2EB-4D3A-9575-A82F569F433E}.Debug|Any CPU.ActiveCfg = Debug|Any CPU
		{A8B13A18-D2EB-4D3A-9575-A82F569F433E}.Debug|Any CPU.Build.0 = Debug|Any CPU
		{A8B13A18-D2EB-4D3A-9575-A82F569F433E}.Release|Any CPU.ActiveCfg = Release|Any CPU
		{A8B13A18-D2EB-4D3A-9575-A82F569F433E}.Release|Any CPU.Build.0 = Release|Any CPU
	EndGlobalSection
	GlobalSection(SolutionProperties) = preSolution
		HideSolutionNode = FALSE
	EndGlobalSection
	GlobalSection(ExtensibilityGlobals) = postSolution
		SolutionGuid = {72CAE396-C610-489B-832B-EB6B646A4F57}
	EndGlobalSection
EndGlobal
